Microsoft Visual Studio Solution File, Format Version 12.00
# Visual Studio Version 17
VisualStudioVersion = 17.5.2.0
MinimumVisualStudioVersion = 10.0.40219.1
Project("{FAE04EC0-301F-11D3-BF4B-00C04F79EFBC}") = "CS4090-Project", "CS4090-Project.csproj", "{A793C4E2-066A-B446-4EA2-535013962F1F}"
EndProject
Global
	GlobalSection(SolutionConfigurationPlatforms) = preSolution
		Debug|Any CPU = Debug|Any CPU
		Release|Any CPU = Release|Any CPU
	EndGlobalSection
	GlobalSection(ProjectConfigurationPlatforms) = postSolution
		{A793C4E2-066A-B446-4EA2-535013962F1F}.Debug|Any CPU.ActiveCfg = Debug|Any CPU
		{A793C4E2-066A-B446-4EA2-535013962F1F}.Debug|Any CPU.Build.0 = Debug|Any CPU
		{A793C4E2-066A-B446-4EA2-535013962F1F}.Release|Any CPU.ActiveCfg = Release|Any CPU
		{A793C4E2-066A-B446-4EA2-535013962F1F}.Release|Any CPU.Build.0 = Release|Any CPU
	EndGlobalSection
	GlobalSection(SolutionProperties) = preSolution
		HideSolutionNode = FALSE
	EndGlobalSection
	GlobalSection(ExtensibilityGlobals) = postSolution
		SolutionGuid = {BFFB0D7E-739C-49C1-AB59-AF9B95DB9942}
	EndGlobalSection
EndGlobal
